
Microsoft Visual Studio Solution File, Format Version 12.00
# Visual Studio Version 17
VisualStudioVersion = 17.3.32922.545
MinimumVisualStudioVersion = 10.0.40219.1
Project("{FAE04EC0-301F-11D3-BF4B-00C04F79EFBC}") = "WebShop", "WebShop\WebShop.csproj", "{1C0DA194-2442-4F46-B379-686EC3BF3061}"
EndProject
Project("{FAE04EC0-301F-11D3-BF4B-00C04F79EFBC}") = "WebShop.Core", "WebShop.Core\WebShop.Core.csproj", "{80594962-04AF-45B4-B8E0-0EA49055F0DC}"
EndProject
Project("{FAE04EC0-301F-11D3-BF4B-00C04F79EFBC}") = "WebShop.API", "WebShop.API\WebShop.API.csproj", "{9791769E-F466-4666-ABEE-3BE30B0965E0}"
EndProject
Global
	GlobalSection(SolutionConfigurationPlatforms) = preSolution
		Debug|Any CPU = Debug|Any CPU
		Release|Any CPU = Release|Any CPU
	EndGlobalSection
	GlobalSection(ProjectConfigurationPlatforms) = postSolution
		{1C0DA194-2442-4F46-B379-686EC3BF3061}.Debug|Any CPU.ActiveCfg = Debug|Any CPU
		{1C0DA194-2442-4F46-B379-686EC3BF3061}.Debug|Any CPU.Build.0 = Debug|Any CPU
		{1C0DA194-2442-4F46-B379-686EC3BF3061}.Release|Any CPU.ActiveCfg = Release|Any CPU
		{1C0DA194-2442-4F46-B379-686EC3BF3061}.Release|Any CPU.Build.0 = Release|Any CPU
		{80594962-04AF-45B4-B8E0-0EA49055F0DC}.Debug|Any CPU.ActiveCfg = Debug|Any CPU
		{80594962-04AF-45B4-B8E0-0EA49055F0DC}.Debug|Any CPU.Build.0 = Debug|Any CPU
		{80594962-04AF-45B4-B8E0-0EA49055F0DC}.Release|Any CPU.ActiveCfg = Release|Any CPU
		{80594962-04AF-45B4-B8E0-0EA49055F0DC}.Release|Any CPU.Build.0 = Release|Any CPU
		{9791769E-F466-4666-ABEE-3BE30B0965E0}.Debug|Any CPU.ActiveCfg = Debug|Any CPU
		{9791769E-F466-4666-ABEE-3BE30B0965E0}.Debug|Any CPU.Build.0 = Debug|Any CPU
		{9791769E-F466-4666-ABEE-3BE30B0965E0}.Release|Any CPU.ActiveCfg = Release|Any CPU
		{9791769E-F466-4666-ABEE-3BE30B0965E0}.Release|Any CPU.Build.0 = Release|Any CPU
	EndGlobalSection
	GlobalSection(SolutionProperties) = preSolution
		HideSolutionNode = FALSE
	EndGlobalSection
	GlobalSection(ExtensibilityGlobals) = postSolution
		SolutionGuid = {E580E81C-EA0F-4023-BD4A-D6388541DBA4}
	EndGlobalSection
EndGlobal
